schema: '2.0'
stages:
  extract-data:
    cmd: tar -xf dataset/cifar-10-python.tar.gz --exclude='readme.html' --directory
      dataset/
    deps:
    - path: dataset/cifar-10-python.tar.gz
      md5: c58f30108f718f92721af3b95e74349a
      size: 170498071
    outs:
    - path: dataset/cifar-10-batches-py
      md5: b4947b13f75e53d7d1661505c7b936f7.dir
      size: 186214026
      nfiles: 7
  convert-notebook:
    cmd: JUPYTER_DATA_DIR=$PWD/__pypackages__/3.8/share/jupyter/ pdm run jupyter nbconvert
      --to script train.ipynb
    deps:
    - path: train.ipynb
      md5: d1e060dbd3a77afbcaa9be4306d0dd9d
      size: 16218
    outs:
    - path: train.py
      md5: cd19c865443bec849d88c52c733cd3f9
      size: 11674
